
Microsoft Visual Studio Solution File, Format Version 12.00
# Visual Studio Version 16
VisualStudioVersion = 16.0.31129.286
MinimumVisualStudioVersion = 10.0.40219.1
Project("{9092AA53-FB77-4645-B42D-1CCCA6BD08BD}") = "Server", "NodeJSChessServer\Server.njsproj", "{49B3A62D-2B94-4E14-9D98-0CB04F796D4D}"
EndProject
Global
	GlobalSection(SolutionConfigurationPlatforms) = preSolution
		Debug|Any CPU = Debug|Any CPU
		Release|Any CPU = Release|Any CPU
	EndGlobalSection
	GlobalSection(ProjectConfigurationPlatforms) = postSolution
		{49B3A62D-2B94-4E14-9D98-0CB04F796D4D}.Debug|Any CPU.ActiveCfg = Debug|Any CPU
		{49B3A62D-2B94-4E14-9D98-0CB04F796D4D}.Debug|Any CPU.Build.0 = Debug|Any CPU
		{49B3A62D-2B94-4E14-9D98-0CB04F796D4D}.Release|Any CPU.ActiveCfg = Release|Any CPU
		{49B3A62D-2B94-4E14-9D98-0CB04F796D4D}.Release|Any CPU.Build.0 = Release|Any CPU
	EndGlobalSection
	GlobalSection(SolutionProperties) = preSolution
		HideSolutionNode = FALSE
	EndGlobalSection
	GlobalSection(ExtensibilityGlobals) = postSolution
		SolutionGuid = {CADB2308-7752-4D98-9588-8F7F5D305FF9}
	EndGlobalSection
EndGlobal
